
Microsoft Visual Studio Solution File, Format Version 12.00
# Visual Studio 15
VisualStudioVersion = 15.0.27428.2002
MinimumVisualStudioVersion = 10.0.40219.1
Project("{FAE04EC0-301F-11D3-BF4B-00C04F79EFBC}") = "AdForum", "AdForum\AdForum.csproj", "{8C77F882-2B1B-4022-8404-B60BA592D86A}"
EndProject
Project("{FAE04EC0-301F-11D3-BF4B-00C04F79EFBC}") = "AdForum.Tests", "AdForum.Tests\AdForum.Tests.csproj", "{107BFE68-E9A2-4783-B51A-BB8398B3DA4A}"
EndProject
Global
	GlobalSection(SolutionConfigurationPlatforms) = preSolution
		Debug|Any CPU = Debug|Any CPU
		Release|Any CPU = Release|Any CPU
	EndGlobalSection
	GlobalSection(ProjectConfigurationPlatforms) = postSolution
		{8C77F882-2B1B-4022-8404-B60BA592D86A}.Debug|Any CPU.ActiveCfg = Debug|Any CPU
		{8C77F882-2B1B-4022-8404-B60BA592D86A}.Debug|Any CPU.Build.0 = Debug|Any CPU
		{8C77F882-2B1B-4022-8404-B60BA592D86A}.Release|Any CPU.ActiveCfg = Release|Any CPU
		{8C77F882-2B1B-4022-8404-B60BA592D86A}.Release|Any CPU.Build.0 = Release|Any CPU
		{107BFE68-E9A2-4783-B51A-BB8398B3DA4A}.Debug|Any CPU.ActiveCfg = Debug|Any CPU
		{107BFE68-E9A2-4783-B51A-BB8398B3DA4A}.Debug|Any CPU.Build.0 = Debug|Any CPU
		{107BFE68-E9A2-4783-B51A-BB8398B3DA4A}.Release|Any CPU.ActiveCfg = Release|Any CPU
		{107BFE68-E9A2-4783-B51A-BB8398B3DA4A}.Release|Any CPU.Build.0 = Release|Any CPU
	EndGlobalSection
	GlobalSection(SolutionProperties) = preSolution
		HideSolutionNode = FALSE
	EndGlobalSection
	GlobalSection(ExtensibilityGlobals) = postSolution
		SolutionGuid = {1F7A1E3B-5EFB-4FD2-BE00-D411D8B63B2E}
	EndGlobalSection
EndGlobal
